
Microsoft Visual Studio Solution File, Format Version 12.00
# Visual Studio Version 16
VisualStudioVersion = 16.0.29613.14
MinimumVisualStudioVersion = 10.0.40219.1
Project("{FAE04EC0-301F-11D3-BF4B-00C04F79EFBC}") = "ControMEI", "ControMEI\ControMEI.csproj", "{18E0453E-AB6E-43A1-A28D-8CE273800B0C}"
EndProject
Global
	GlobalSection(SolutionConfigurationPlatforms) = preSolution
		Debug|Any CPU = Debug|Any CPU
		Release|Any CPU = Release|Any CPU
	EndGlobalSection
	GlobalSection(ProjectConfigurationPlatforms) = postSolution
		{18E0453E-AB6E-43A1-A28D-8CE273800B0C}.Debug|Any CPU.ActiveCfg = Debug|Any CPU
		{18E0453E-AB6E-43A1-A28D-8CE273800B0C}.Debug|Any CPU.Build.0 = Debug|Any CPU
		{18E0453E-AB6E-43A1-A28D-8CE273800B0C}.Release|Any CPU.ActiveCfg = Release|Any CPU
		{18E0453E-AB6E-43A1-A28D-8CE273800B0C}.Release|Any CPU.Build.0 = Release|Any CPU
	EndGlobalSection
	GlobalSection(SolutionProperties) = preSolution
		HideSolutionNode = FALSE
	EndGlobalSection
	GlobalSection(ExtensibilityGlobals) = postSolution
		SolutionGuid = {FAFE0B5B-F84F-4837-9DE8-082A02A3823A}
	EndGlobalSection
EndGlobal
